
Microsoft Visual Studio Solution File, Format Version 12.00
# Visual Studio Version 17
VisualStudioVersion = 17.2.32630.192
MinimumVisualStudioVersion = 10.0.40219.1
Project("{9A19103F-16F7-4668-BE54-9A1E7A4F7556}") = "ToDoMinimalAPI", "ToDoMinimalAPI\ToDoMinimalAPI.csproj", "{56ECB6F0-105F-47FA-BB0B-704D9D8F6589}"
EndProject
Project("{FAE04EC0-301F-11D3-BF4B-00C04F79EFBC}") = "ToDoMauiApp", "ToDoMauiApp\ToDoMauiApp.csproj", "{7631894B-65DC-477D-9FCC-2A1A685404CC}"
EndProject
Global
	GlobalSection(SolutionConfigurationPlatforms) = preSolution
		Debug|Any CPU = Debug|Any CPU
		Release|Any CPU = Release|Any CPU
	EndGlobalSection
	GlobalSection(ProjectConfigurationPlatforms) = postSolution
		{56ECB6F0-105F-47FA-BB0B-704D9D8F6589}.Debug|Any CPU.ActiveCfg = Debug|Any CPU
		{56ECB6F0-105F-47FA-BB0B-704D9D8F6589}.Debug|Any CPU.Build.0 = Debug|Any CPU
		{56ECB6F0-105F-47FA-BB0B-704D9D8F6589}.Release|Any CPU.ActiveCfg = Release|Any CPU
		{56ECB6F0-105F-47FA-BB0B-704D9D8F6589}.Release|Any CPU.Build.0 = Release|Any CPU
		{7631894B-65DC-477D-9FCC-2A1A685404CC}.Debug|Any CPU.ActiveCfg = Debug|Any CPU
		{7631894B-65DC-477D-9FCC-2A1A685404CC}.Debug|Any CPU.Build.0 = Debug|Any CPU
		{7631894B-65DC-477D-9FCC-2A1A685404CC}.Debug|Any CPU.Deploy.0 = Debug|Any CPU
		{7631894B-65DC-477D-9FCC-2A1A685404CC}.Release|Any CPU.ActiveCfg = Release|Any CPU
		{7631894B-65DC-477D-9FCC-2A1A685404CC}.Release|Any CPU.Build.0 = Release|Any CPU
		{7631894B-65DC-477D-9FCC-2A1A685404CC}.Release|Any CPU.Deploy.0 = Release|Any CPU
	EndGlobalSection
	GlobalSection(SolutionProperties) = preSolution
		HideSolutionNode = FALSE
	EndGlobalSection
	GlobalSection(ExtensibilityGlobals) = postSolution
		SolutionGuid = {FF519D07-ABA8-4C64-B506-BC66C25EB769}
	EndGlobalSection
EndGlobal
