
Microsoft Visual Studio Solution File, Format Version 12.00
# Visual Studio Version 17
VisualStudioVersion = 17.2.32630.192
MinimumVisualStudioVersion = 10.0.40219.1
Project("{FAE04EC0-301F-11D3-BF4B-00C04F79EFBC}") = "MinimalAPI", "MinimalAPI\MinimalAPI.csproj", "{2D4B8C11-702C-40B6-952A-2B76A88EAB1E}"
EndProject
Global
	GlobalSection(SolutionConfigurationPlatforms) = preSolution
		Debug|Any CPU = Debug|Any CPU
		Release|Any CPU = Release|Any CPU
	EndGlobalSection
	GlobalSection(ProjectConfigurationPlatforms) = postSolution
		{2D4B8C11-702C-40B6-952A-2B76A88EAB1E}.Debug|Any CPU.ActiveCfg = Debug|Any CPU
		{2D4B8C11-702C-40B6-952A-2B76A88EAB1E}.Debug|Any CPU.Build.0 = Debug|Any CPU
		{2D4B8C11-702C-40B6-952A-2B76A88EAB1E}.Release|Any CPU.ActiveCfg = Release|Any CPU
		{2D4B8C11-702C-40B6-952A-2B76A88EAB1E}.Release|Any CPU.Build.0 = Release|Any CPU
	EndGlobalSection
	GlobalSection(SolutionProperties) = preSolution
		HideSolutionNode = FALSE
	EndGlobalSection
	GlobalSection(ExtensibilityGlobals) = postSolution
		SolutionGuid = {FF519D07-ABA8-4C64-B506-BC66C25EB769}
	EndGlobalSection
EndGlobal
